# This file was autogenerated by Stack.
# You should not edit this file by hand.
# For more information, please see the documentation at:
#   https://docs.haskellstack.org/en/stable/lock_files

packages:
- completed:
    hackage: prop-unit-0.2.0@sha256:a2cfe8027343565ba577e3ea4c978b18c376e946cb304f39ebeff2c373af4598,2957
    pantry-tree:
      sha256: b0f2b5ded48abfcb3aad0e8d0c9ea39c5117e286a0a163cd14dfb804d80a9eed
      size: 264
  original:
    hackage: prop-unit-0.2.0
snapshots:
- completed:
    sha256: 9444fadfa30b67a93080254d53872478c087592ad64443e47c546cdcd13149ae
    size: 678857
    url: https://raw.githubusercontent.com/commercialhaskell/stackage-snapshots/master/lts/23/0.yaml
  original: lts-23.0
