# This file was autogenerated by Stack.
# You should not edit this file by hand.
# For more information, please see the documentation at:
#   https://docs.haskellstack.org/en/stable/lock_files

packages:
- completed:
    hackage: falsify-0.2.0@sha256:a9ec175cfb20dc5afeedac69f424c77589729fce23733030abf22dc2053abc41,5265
    pantry-tree:
      sha256: c798208320e84b3d05564d73a63c6686499a68d667e33e2b8873035f15eaf81b
      size: 3378
  original:
    hackage: falsify-0.2.0
snapshots:
- completed:
    sha256: 6f0bea3ba5b07360f25bc886e8cff8d847767557a492a6f7f6dcb06e3cc79ee9
    size: 712905
    url: https://raw.githubusercontent.com/commercialhaskell/stackage-snapshots/master/lts/22/13.yaml
  original: lts-22.13
