# This file was autogenerated by Stack.
# You should not edit this file by hand.
# For more information, please see the documentation at:
#   https://docs.haskellstack.org/en/stable/lock_files

packages:
- completed:
    hackage: falsify-0.2.0@sha256:82ad5e999a80bf9e7a5bcb2fe17c2b9524a95893ff19fcdbf3ef4a671303e444,5451
    pantry-tree:
      sha256: 94ee859a00223f18c04e5ee0135ca81e50a47d75d23f2084ae3b5784c1d62c2e
      size: 3378
  original:
    hackage: falsify-0.2.0
snapshots:
- completed:
    sha256: 6f0bea3ba5b07360f25bc886e8cff8d847767557a492a6f7f6dcb06e3cc79ee9
    size: 712905
    url: https://raw.githubusercontent.com/commercialhaskell/stackage-snapshots/master/lts/22/13.yaml
  original: lts-22.13
